
Microsoft Visual Studio Solution File, Format Version 12.00
# Visual Studio Version 16
VisualStudioVersion = 16.0.32510.428
MinimumVisualStudioVersion = 10.0.40219.1
Project("{9A19103F-16F7-4668-BE54-9A1E7A4F7556}") = "CalculadorDeuda", "CalculadorDeuda\CalculadorDeuda.csproj", "{362F26E0-2727-4668-AEBA-8624DCDD6D79}"
EndProject
Project("{9A19103F-16F7-4668-BE54-9A1E7A4F7556}") = "Test", "Test\Test.csproj", "{8E26394F-5C85-4C76-B253-4E3F5A0A0175}"
EndProject
Project("{FAE04EC0-301F-11D3-BF4B-00C04F79EFBC}") = "TestClase", "TestClase\TestClase.csproj", "{82F2FB24-0D8E-464C-8948-7E708520196D}"
EndProject
Global
	GlobalSection(SolutionConfigurationPlatforms) = preSolution
		Debug|Any CPU = Debug|Any CPU
		Release|Any CPU = Release|Any CPU
	EndGlobalSection
	GlobalSection(ProjectConfigurationPlatforms) = postSolution
		{362F26E0-2727-4668-AEBA-8624DCDD6D79}.Debug|Any CPU.ActiveCfg = Debug|Any CPU
		{362F26E0-2727-4668-AEBA-8624DCDD6D79}.Debug|Any CPU.Build.0 = Debug|Any CPU
		{362F26E0-2727-4668-AEBA-8624DCDD6D79}.Release|Any CPU.ActiveCfg = Release|Any CPU
		{362F26E0-2727-4668-AEBA-8624DCDD6D79}.Release|Any CPU.Build.0 = Release|Any CPU
		{8E26394F-5C85-4C76-B253-4E3F5A0A0175}.Debug|Any CPU.ActiveCfg = Debug|Any CPU
		{8E26394F-5C85-4C76-B253-4E3F5A0A0175}.Debug|Any CPU.Build.0 = Debug|Any CPU
		{8E26394F-5C85-4C76-B253-4E3F5A0A0175}.Release|Any CPU.ActiveCfg = Release|Any CPU
		{8E26394F-5C85-4C76-B253-4E3F5A0A0175}.Release|Any CPU.Build.0 = Release|Any CPU
		{82F2FB24-0D8E-464C-8948-7E708520196D}.Debug|Any CPU.ActiveCfg = Debug|Any CPU
		{82F2FB24-0D8E-464C-8948-7E708520196D}.Debug|Any CPU.Build.0 = Debug|Any CPU
		{82F2FB24-0D8E-464C-8948-7E708520196D}.Release|Any CPU.ActiveCfg = Release|Any CPU
		{82F2FB24-0D8E-464C-8948-7E708520196D}.Release|Any CPU.Build.0 = Release|Any CPU
	EndGlobalSection
	GlobalSection(SolutionProperties) = preSolution
		HideSolutionNode = FALSE
	EndGlobalSection
	GlobalSection(ExtensibilityGlobals) = postSolution
		SolutionGuid = {D6552161-A55B-4E13-A43D-440BDDDA6BF9}
	EndGlobalSection
EndGlobal
